// !$*UTF8*$!
{
	archiveVersion = 1;
	classes = {
	};
	objectVersion = 56;
	objects = {

/* Begin PBXBuildFile section */
		6A1E76EC2912211E00324C0F /* PosterCollectionViewCell.swift in Sources */ = {isa = PBXBuildFile; fileRef = 6A1E76EB2912211E00324C0F /* PosterCollectionViewCell.swift */; };
		6A70994E291B6D640041FB27 /* TrailerViewController.swift in Sources */ = {isa = PBXBuildFile; fileRef = 6A70994D291B6D640041FB27 /* TrailerViewController.swift */; };
		6AC403BE2919E46500E4891C /* ImageViewController.swift in Sources */ = {isa = PBXBuildFile; fileRef = 6AC403BD2919E46500E4891C /* ImageViewController.swift */; };
		841233282908458B00CDCEE2 /* AppDelegate.swift in Sources */ = {isa = PBXBuildFile; fileRef = 841233272908458B00CDCEE2 /* AppDelegate.swift */; };
		8412332A2908458B00CDCEE2 /* SceneDelegate.swift in Sources */ = {isa = PBXBuildFile; fileRef = 841233292908458B00CDCEE2 /* SceneDelegate.swift */; };
		8412332F2908458B00CDCEE2 /* Main.storyboard in Resources */ = {isa = PBXBuildFile; fileRef = 8412332D2908458B00CDCEE2 /* Main.storyboard */; };
		841233312908458C00CDCEE2 /* Assets.xcassets in Resources */ = {isa = PBXBuildFile; fileRef = 841233302908458C00CDCEE2 /* Assets.xcassets */; };
		841233342908458C00CDCEE2 /* LaunchScreen.storyboard in Resources */ = {isa = PBXBuildFile; fileRef = 841233322908458C00CDCEE2 /* LaunchScreen.storyboard */; };
		84130097290D87C2009134BF /* Ghibli.swift in Sources */ = {isa = PBXBuildFile; fileRef = 84130096290D87C2009134BF /* Ghibli.swift */; };
		8413009F290D8AD3009134BF /* PhotoWallCollectionViewController.swift in Sources */ = {isa = PBXBuildFile; fileRef = 8413009E290D8AD3009134BF /* PhotoWallCollectionViewController.swift */; };
		841300B1290D9B3F009134BF /* PhotoWallCollectionViewCell.swift in Sources */ = {isa = PBXBuildFile; fileRef = 841300B0290D9B3F009134BF /* PhotoWallCollectionViewCell.swift */; };
		84B207FB291967CD004C9E3F /* RiiTegakiFude.otf in Resources */ = {isa = PBXBuildFile; fileRef = 84B207FA291967CD004C9E3F /* RiiTegakiFude.otf */; };
		84B207FD29196BC5004C9E3F /* crayon_1-1.ttf in Resources */ = {isa = PBXBuildFile; fileRef = 84B207FC29196BC5004C9E3F /* crayon_1-1.ttf */; };
		84FCC2D6290AB8C200702A64 /* HomeViewController.swift in Sources */ = {isa = PBXBuildFile; fileRef = 84FCC2D5290AB8C200702A64 /* HomeViewController.swift */; };
/* End PBXBuildFile section */

/* Begin PBXFileReference section */
		6A1E76EB2912211E00324C0F /* PosterCollectionViewCell.swift */ = {isa = PBXFileReference; lastKnownFileType = sourcecode.swift; path = PosterCollectionViewCell.swift; sourceTree = "<group>"; };
		6A70994D291B6D640041FB27 /* TrailerViewController.swift */ = {isa = PBXFileReference; lastKnownFileType = sourcecode.swift; path = TrailerViewController.swift; sourceTree = "<group>"; };
		6AC403BD2919E46500E4891C /* ImageViewController.swift */ = {isa = PBXFileReference; lastKnownFileType = sourcecode.swift; path = ImageViewController.swift; sourceTree = "<group>"; };
		841233242908458B00CDCEE2 /* Ghibli.app */ = {isa = PBXFileReference; explicitFileType = wrapper.application; includeInIndex = 0; path = Ghibli.app; sourceTree = BUILT_PRODUCTS_DIR; };
		841233272908458B00CDCEE2 /* AppDelegate.swift */ = {isa = PBXFileReference; lastKnownFileType = sourcecode.swift; path = AppDelegate.swift; sourceTree = "<group>"; };
		841233292908458B00CDCEE2 /* SceneDelegate.swift */ = {isa = PBXFileReference; lastKnownFileType = sourcecode.swift; path = SceneDelegate.swift; sourceTree = "<group>"; };
		8412332E2908458B00CDCEE2 /* Base */ = {isa = PBXFileReference; lastKnownFileType = file.storyboard; name = Base; path = Base.lproj/Main.storyboard; sourceTree = "<group>"; };
		841233302908458C00CDCEE2 /* Assets.xcassets */ = {isa = PBXFileReference; lastKnownFileType = folder.assetcatalog; path = Assets.xcassets; sourceTree = "<group>"; };
		841233332908458C00CDCEE2 /* Base */ = {isa = PBXFileReference; lastKnownFileType = file.storyboard; name = Base; path = Base.lproj/LaunchScreen.storyboard; sourceTree = "<group>"; };
		841233352908458C00CDCEE2 /* Info.plist */ = {isa = PBXFileReference; lastKnownFileType = text.plist.xml; path = Info.plist; sourceTree = "<group>"; };
		84130096290D87C2009134BF /* Ghibli.swift */ = {isa = PBXFileReference; lastKnownFileType = sourcecode.swift; path = Ghibli.swift; sourceTree = "<group>"; };
		8413009E290D8AD3009134BF /* PhotoWallCollectionViewController.swift */ = {isa = PBXFileReference; lastKnownFileType = sourcecode.swift; path = PhotoWallCollectionViewController.swift; sourceTree = "<group>"; };
		841300B0290D9B3F009134BF /* PhotoWallCollectionViewCell.swift */ = {isa = PBXFileReference; lastKnownFileType = sourcecode.swift; path = PhotoWallCollectionViewCell.swift; sourceTree = "<group>"; };
		84B207FA291967CD004C9E3F /* RiiTegakiFude.otf */ = {isa = PBXFileReference; lastKnownFileType = file; path = RiiTegakiFude.otf; sourceTree = "<group>"; };
		84B207FC29196BC5004C9E3F /* crayon_1-1.ttf */ = {isa = PBXFileReference; lastKnownFileType = file; path = "crayon_1-1.ttf"; sourceTree = "<group>"; };
		84FCC2D5290AB8C200702A64 /* HomeViewController.swift */ = {isa = PBXFileReference; lastKnownFileType = sourcecode.swift; path = HomeViewController.swift; sourceTree = "<group>"; };
/* End PBXFileReference section */

/* Begin PBXFrameworksBuildPhase section */
		841233212908458B00CDCEE2 /* Frameworks */ = {
			isa = PBXFrameworksBuildPhase;
			buildActionMask = 2147483647;
			files = (
			);
			runOnlyForDeploymentPostprocessing = 0;
		};
/* End PBXFrameworksBuildPhase section */

/* Begin PBXGroup section */
		8412331B2908458B00CDCEE2 = {
			isa = PBXGroup;
			children = (
				841233262908458B00CDCEE2 /* Ghibli */,
				841233252908458B00CDCEE2 /* Products */,
			);
			sourceTree = "<group>";
		};
		841233252908458B00CDCEE2 /* Products */ = {
			isa = PBXGroup;
			children = (
				841233242908458B00CDCEE2 /* Ghibli.app */,
			);
			name = Products;
			sourceTree = "<group>";
		};
		841233262908458B00CDCEE2 /* Ghibli */ = {
			isa = PBXGroup;
			children = (
				841233272908458B00CDCEE2 /* AppDelegate.swift */,
				841233292908458B00CDCEE2 /* SceneDelegate.swift */,
				841300A7290D9064009134BF /* Models */,
				841300A8290D906D009134BF /* Controller */,
				841300A9290D9080009134BF /* View */,
				841233302908458C00CDCEE2 /* Assets.xcassets */,
				8412332D2908458B00CDCEE2 /* Main.storyboard */,
				841233322908458C00CDCEE2 /* LaunchScreen.storyboard */,
				841233352908458C00CDCEE2 /* Info.plist */,
				84B207FA291967CD004C9E3F /* RiiTegakiFude.otf */,
				84B207FC29196BC5004C9E3F /* crayon_1-1.ttf */,
			);
			path = Ghibli;
			sourceTree = "<group>";
		};
		841300A7290D9064009134BF /* Models */ = {
			isa = PBXGroup;
			children = (
				84130096290D87C2009134BF /* Ghibli.swift */,
			);
			path = Models;
			sourceTree = "<group>";
		};
		841300A8290D906D009134BF /* Controller */ = {
			isa = PBXGroup;
			children = (
				84FCC2D5290AB8C200702A64 /* HomeViewController.swift */,
				8413009E290D8AD3009134BF /* PhotoWallCollectionViewController.swift */,
				6AC403BD2919E46500E4891C /* ImageViewController.swift */,
				6A70994D291B6D640041FB27 /* TrailerViewController.swift */,
			);
			path = Controller;
			sourceTree = "<group>";
		};
		841300A9290D9080009134BF /* View */ = {
			isa = PBXGroup;
			children = (
				841300B0290D9B3F009134BF /* PhotoWallCollectionViewCell.swift */,
				6A1E76EB2912211E00324C0F /* PosterCollectionViewCell.swift */,
			);
			path = View;
			sourceTree = "<group>";
		};
/* End PBXGroup section */

/* Begin PBXNativeTarget section */
		841233232908458B00CDCEE2 /* Ghibli */ = {
			isa = PBXNativeTarget;
			buildConfigurationList = 841233382908458C00CDCEE2 /* Build configuration list for PBXNativeTarget "Ghibli" */;
			buildPhases = (
				841233202908458B00CDCEE2 /* Sources */,
				841233212908458B00CDCEE2 /* Frameworks */,
				841233222908458B00CDCEE2 /* Resources */,
			);
			buildRules = (
			);
			dependencies = (
			);
			name = Ghibli;
			productName = Ghibli;
			productReference = 841233242908458B00CDCEE2 /* Ghibli.app */;
			productType = "com.apple.product-type.application";
		};
/* End PBXNativeTarget section */

/* Begin PBXProject section */
		8412331C2908458B00CDCEE2 /* Project object */ = {
			isa = PBXProject;
			attributes = {
				BuildIndependentTargetsInParallel = 1;
				LastSwiftUpdateCheck = 1400;
				LastUpgradeCheck = 1400;
				TargetAttributes = {
					841233232908458B00CDCEE2 = {
						CreatedOnToolsVersion = 14.0;
					};
				};
			};
			buildConfigurationList = 8412331F2908458B00CDCEE2 /* Build configuration list for PBXProject "Ghibli" */;
			compatibilityVersion = "Xcode 14.0";
			developmentRegion = en;
			hasScannedForEncodings = 0;
			knownRegions = (
				en,
				Base,
			);
			mainGroup = 8412331B2908458B00CDCEE2;
			productRefGroup = 841233252908458B00CDCEE2 /* Products */;
			projectDirPath = "";
			projectRoot = "";
			targets = (
				841233232908458B00CDCEE2 /* Ghibli */,
			);
		};
/* End PBXProject section */

/* Begin PBXResourcesBuildPhase section */
		841233222908458B00CDCEE2 /* Resources */ = {
			isa = PBXResourcesBuildPhase;
			buildActionMask = 2147483647;
			files = (
				84B207FD29196BC5004C9E3F /* crayon_1-1.ttf in Resources */,
				841233342908458C00CDCEE2 /* LaunchScreen.storyboard in Resources */,
				84B207FB291967CD004C9E3F /* RiiTegakiFude.otf in Resources */,
				841233312908458C00CDCEE2 /* Assets.xcassets in Resources */,
				8412332F2908458B00CDCEE2 /* Main.storyboard in Resources */,
			);
			runOnlyForDeploymentPostprocessing = 0;
		};
/* End PBXResourcesBuildPhase section */

/* Begin PBXSourcesBuildPhase section */
		841233202908458B00CDCEE2 /* Sources */ = {
			isa = PBXSourcesBuildPhase;
			buildActionMask = 2147483647;
			files = (
				6AC403BE2919E46500E4891C /* ImageViewController.swift in Sources */,
				841300B1290D9B3F009134BF /* PhotoWallCollectionViewCell.swift in Sources */,
				8413009F290D8AD3009134BF /* PhotoWallCollectionViewController.swift in Sources */,
				84130097290D87C2009134BF /* Ghibli.swift in Sources */,
				841233282908458B00CDCEE2 /* AppDelegate.swift in Sources */,
				6A1E76EC2912211E00324C0F /* PosterCollectionViewCell.swift in Sources */,
				8412332A2908458B00CDCEE2 /* SceneDelegate.swift in Sources */,
				84FCC2D6290AB8C200702A64 /* HomeViewController.swift in Sources */,
				6A70994E291B6D640041FB27 /* TrailerViewController.swift in Sources */,
			);
			runOnlyForDeploymentPostprocessing = 0;
		};
/* End PBXSourcesBuildPhase section */

/* Begin PBXVariantGroup section */
		8412332D2908458B00CDCEE2 /* Main.storyboard */ = {
			isa = PBXVariantGroup;
			children = (
				8412332E2908458B00CDCEE2 /* Base */,
			);
			name = Main.storyboard;
			sourceTree = "<group>";
		};
		841233322908458C00CDCEE2 /* LaunchScreen.storyboard */ = {
			isa = PBXVariantGroup;
			children = (
				841233332908458C00CDCEE2 /* Base */,
			);
			name = LaunchScreen.storyboard;
			sourceTree = "<group>";
		};
/* End PBXVariantGroup section */

/* Begin XCBuildConfiguration section */
		841233362908458C00CDCEE2 /* Debug */ = {
			isa = XCBuildConfiguration;
			buildSettings = {
				ALWAYS_SEARCH_USER_PATHS = NO;
				CLANG_ANALYZER_NONNULL = YES;
				CLANG_ANALYZER_NUMBER_OBJECT_CONVERSION = YES_AGGRESSIVE;
				CLANG_CXX_LANGUAGE_STANDARD = "gnu++20";
				CLANG_ENABLE_MODULES = YES;
				CLANG_ENABLE_OBJC_ARC = YES;
				CLANG_ENABLE_OBJC_WEAK = YES;
				CLANG_WARN_BLOCK_CAPTURE_AUTORELEASING = YES;
				CLANG_WARN_BOOL_CONVERSION = YES;
				CLANG_WARN_COMMA = YES;
				CLANG_WARN_CONSTANT_CONVERSION = YES;
				CLANG_WARN_DEPRECATED_OBJC_IMPLEMENTATIONS = YES;
				CLANG_WARN_DIRECT_OBJC_ISA_USAGE = YES_ERROR;
				CLANG_WARN_DOCUMENTATION_COMMENTS = YES;
				CLANG_WARN_EMPTY_BODY = YES;
				CLANG_WARN_ENUM_CONVERSION = YES;
				CLANG_WARN_INFINITE_RECURSION = YES;
				CLANG_WARN_INT_CONVERSION = YES;
				CLANG_WARN_NON_LITERAL_NULL_CONVERSION = YES;
				CLANG_WARN_OBJC_IMPLICIT_RETAIN_SELF = YES;
				CLANG_WARN_OBJC_LITERAL_CONVERSION = YES;
				CLANG_WARN_OBJC_ROOT_CLASS = YES_ERROR;
				CLANG_WARN_QUOTED_INCLUDE_IN_FRAMEWORK_HEADER = YES;
				CLANG_WARN_RANGE_LOOP_ANALYSIS = YES;
				CLANG_WARN_STRICT_PROTOTYPES = YES;
				CLANG_WARN_SUSPICIOUS_MOVE = YES;
				CLANG_WARN_UNGUARDED_AVAILABILITY = YES_AGGRESSIVE;
				CLANG_WARN_UNREACHABLE_CODE = YES;
				CLANG_WARN__DUPLICATE_METHOD_MATCH = YES;
				COPY_PHASE_STRIP = NO;
				DEBUG_INFORMATION_FORMAT = dwarf;
				ENABLE_STRICT_OBJC_MSGSEND = YES;
				ENABLE_TESTABILITY = YES;
				GCC_C_LANGUAGE_STANDARD = gnu11;
				GCC_DYNAMIC_NO_PIC = NO;
				GCC_NO_COMMON_BLOCKS = YES;
				GCC_OPTIMIZATION_LEVEL = 0;
				GCC_PREPROCESSOR_DEFINITIONS = (
					"DEBUG=1",
					"$(inherited)",
				);
				GCC_WARN_64_TO_32_BIT_CONVERSION = YES;
				GCC_WARN_ABOUT_RETURN_TYPE = YES_ERROR;
				GCC_WARN_UNDECLARED_SELECTOR = YES;
				GCC_WARN_UNINITIALIZED_AUTOS = YES_AGGRESSIVE;
				GCC_WARN_UNUSED_FUNCTION = YES;
				GCC_WARN_UNUSED_VARIABLE = YES;
				IPHONEOS_DEPLOYMENT_TARGET = 16.0;
				MTL_ENABLE_DEBUG_INFO = INCLUDE_SOURCE;
				MTL_FAST_MATH = YES;
				ONLY_ACTIVE_ARCH = YES;
				SDKROOT = iphoneos;
				SWIFT_ACTIVE_COMPILATION_CONDITIONS = DEBUG;
				SWIFT_OPTIMIZATION_LEVEL = "-Onone";
			};
			name = Debug;
		};
		841233372908458C00CDCEE2 /* Release */ = {
			isa = XCBuildConfiguration;
			buildSettings = {
				ALWAYS_SEARCH_USER_PATHS = NO;
				CLANG_ANALYZER_NONNULL = YES;
				CLANG_ANALYZER_NUMBER_OBJECT_CONVERSION = YES_AGGRESSIVE;
				CLANG_CXX_LANGUAGE_STANDARD = "gnu++20";
				CLANG_ENABLE_MODULES = YES;
				CLANG_ENABLE_OBJC_ARC = YES;
				CLANG_ENABLE_OBJC_WEAK = YES;
				CLANG_WARN_BLOCK_CAPTURE_AUTORELEASING = YES;
				CLANG_WARN_BOOL_CONVERSION = YES;
				CLANG_WARN_COMMA = YES;
				CLANG_WARN_CONSTANT_CONVERSION = YES;
				CLANG_WARN_DEPRECATED_OBJC_IMPLEMENTATIONS = YES;
				CLANG_WARN_DIRECT_OBJC_ISA_USAGE = YES_ERROR;
				CLANG_WARN_DOCUMENTATION_COMMENTS = YES;
				CLANG_WARN_EMPTY_BODY = YES;
				CLANG_WARN_ENUM_CONVERSION = YES;
				CLANG_WARN_INFINITE_RECURSION = YES;
				CLANG_WARN_INT_CONVERSION = YES;
				CLANG_WARN_NON_LITERAL_NULL_CONVERSION = YES;
				CLANG_WARN_OBJC_IMPLICIT_RETAIN_SELF = YES;
				CLANG_WARN_OBJC_LITERAL_CONVERSION = YES;
				CLANG_WARN_OBJC_ROOT_CLASS = YES_ERROR;
				CLANG_WARN_QUOTED_INCLUDE_IN_FRAMEWORK_HEADER = YES;
				CLANG_WARN_RANGE_LOOP_ANALYSIS = YES;
				CLANG_WARN_STRICT_PROTOTYPES = YES;
				CLANG_WARN_SUSPICIOUS_MOVE = YES;
				CLANG_WARN_UNGUARDED_AVAILABILITY = YES_AGGRESSIVE;
				CLANG_WARN_UNREACHABLE_CODE = YES;
				CLANG_WARN__DUPLICATE_METHOD_MATCH = YES;
				COPY_PHASE_STRIP = NO;
				DEBUG_INFORMATION_FORMAT = "dwarf-with-dsym";
				ENABLE_NS_ASSERTIONS = NO;
				ENABLE_STRICT_OBJC_MSGSEND = YES;
				GCC_C_LANGUAGE_STANDARD = gnu11;
				GCC_NO_COMMON_BLOCKS = YES;
				GCC_WARN_64_TO_32_BIT_CONVERSION = YES;
				GCC_WARN_ABOUT_RETURN_TYPE = YES_ERROR;
				GCC_WARN_UNDECLARED_SELECTOR = YES;
				GCC_WARN_UNINITIALIZED_AUTOS = YES_AGGRESSIVE;
				GCC_WARN_UNUSED_FUNCTION = YES;
				GCC_WARN_UNUSED_VARIABLE = YES;
				IPHONEOS_DEPLOYMENT_TARGET = 16.0;
				MTL_ENABLE_DEBUG_INFO = NO;
				MTL_FAST_MATH = YES;
				SDKROOT = iphoneos;
				SWIFT_COMPILATION_MODE = wholemodule;
				SWIFT_OPTIMIZATION_LEVEL = "-O";
				VALIDATE_PRODUCT = YES;
			};
			name = Release;
		};
		841233392908458C00CDCEE2 /* Debug */ = {
			isa = XCBuildConfiguration;
			buildSettings = {
				ASSETCATALOG_COMPILER_APPICON_NAME = AppIcon;
				ASSETCATALOG_COMPILER_GLOBAL_ACCENT_COLOR_NAME = AccentColor;
				CODE_SIGN_STYLE = Automatic;
				CURRENT_PROJECT_VERSION = 1;
				DEVELOPMENT_TEAM = W54AJHRGJ2;
				GENERATE_INFOPLIST_FILE = YES;
				INFOPLIST_FILE = Ghibli/Info.plist;
				INFOPLIST_KEY_UIApplicationSupportsIndirectInputEvents = YES;
				INFOPLIST_KEY_UILaunchStoryboardName = LaunchScreen;
				INFOPLIST_KEY_UIMainStoryboardFile = Main;
				INFOPLIST_KEY_UISupportedInterfaceOrientations_iPad = "UIInterfaceOrientationPortrait UIInterfaceOrientationPortraitUpsideDown UIInterfaceOrientationLandscapeLeft UIInterfaceOrientationLandscapeRight";
				INFOPLIST_KEY_UISupportedInterfaceOrientations_iPhone = "UIInterfaceOrientationPortrait UIInterfaceOrientationLandscapeLeft UIInterfaceOrientationLandscapeRight";
				LD_RUNPATH_SEARCH_PATHS = (
					"$(inherited)",
					"@executable_path/Frameworks",
				);
				MARKETING_VERSION = 1.0;
				PRODUCT_BUNDLE_IDENTIFIER = Yeh.com.Ghibli;
				PRODUCT_NAME = "$(TARGET_NAME)";
				SWIFT_EMIT_LOC_STRINGS = YES;
				SWIFT_VERSION = 5.0;
				TARGETED_DEVICE_FAMILY = "1,2";
			};
			name = Debug;
		};
		8412333A2908458C00CDCEE2 /* Release */ = {
			isa = XCBuildConfiguration;
			buildSettings = {
				ASSETCATALOG_COMPILER_APPICON_NAME = AppIcon;
				ASSETCATALOG_COMPILER_GLOBAL_ACCENT_COLOR_NAME = AccentColor;
				CODE_SIGN_STYLE = Automatic;
				CURRENT_PROJECT_VERSION = 1;
				DEVELOPMENT_TEAM = W54AJHRGJ2;
				GENERATE_INFOPLIST_FILE = YES;
				INFOPLIST_FILE = Ghibli/Info.plist;
				INFOPLIST_KEY_UIApplicationSupportsIndirectInputEvents = YES;
				INFOPLIST_KEY_UILaunchStoryboardName = LaunchScreen;
				INFOPLIST_KEY_UIMainStoryboardFile = Main;
				INFOPLIST_KEY_UISupportedInterfaceOrientations_iPad = "UIInterfaceOrientationPortrait UIInterfaceOrientationPortraitUpsideDown UIInterfaceOrientationLandscapeLeft UIInterfaceOrientationLandscapeRight";
				INFOPLIST_KEY_UISupportedInterfaceOrientations_iPhone = "UIInterfaceOrientationPortrait UIInterfaceOrientationLandscapeLeft UIInterfaceOrientationLandscapeRight";
				LD_RUNPATH_SEARCH_PATHS = (
					"$(inherited)",
					"@executable_path/Frameworks",
				);
				MARKETING_VERSION = 1.0;
				PRODUCT_BUNDLE_IDENTIFIER = Yeh.com.Ghibli;
				PRODUCT_NAME = "$(TARGET_NAME)";
				SWIFT_EMIT_LOC_STRINGS = YES;
				SWIFT_VERSION = 5.0;
				TARGETED_DEVICE_FAMILY = "1,2";
			};
			name = Release;
		};
/* End XCBuildConfiguration section */

/* Begin XCConfigurationList section */
		8412331F2908458B00CDCEE2 /* Build configuration list for PBXProject "Ghibli" */ = {
			isa = XCConfigurationList;
			buildConfigurations = (
				841233362908458C00CDCEE2 /* Debug */,
				841233372908458C00CDCEE2 /* Release */,
			);
			defaultConfigurationIsVisible = 0;
			defaultConfigurationName = Release;
		};
		841233382908458C00CDCEE2 /* Build configuration list for PBXNativeTarget "Ghibli" */ = {
			isa = XCConfigurationList;
			buildConfigurations = (
				841233392908458C00CDCEE2 /* Debug */,
				8412333A2908458C00CDCEE2 /* Release */,
			);
			defaultConfigurationIsVisible = 0;
			defaultConfigurationName = Release;
		};
/* End XCConfigurationList section */
	};
	rootObject = 8412331C2908458B00CDCEE2 /* Project object */;
}
